
Microsoft Visual Studio Solution File, Format Version 12.00
# Visual Studio Version 17
VisualStudioVersion = 17.5.33414.496
MinimumVisualStudioVersion = 10.0.40219.1
Project("{FAE04EC0-301F-11D3-BF4B-00C04F79EFBC}") = "PC-Builder-Decorator-Patterns", "PC-Builder-DecoratorPattern\PC-Builder-Decorator-Patterns.csproj", "{F2DA5883-976A-4591-BBA3-5B85C8D7ECC8}"
EndProject
Project("{FAE04EC0-301F-11D3-BF4B-00C04F79EFBC}") = "DBL-Conection-Models", "..\DB-Conection-Models\DBL-Conection-Models.csproj", "{C89F391C-D2A4-45DD-A4C1-77CDD4C90B59}"
EndProject
Project("{FAE04EC0-301F-11D3-BF4B-00C04F79EFBC}") = "BLL-Services", "..\BLL-Services\BLL-Services.csproj", "{9E87F93A-0C40-43BE-BEA2-6DCC516120A6}"
EndProject
Global
	GlobalSection(SolutionConfigurationPlatforms) = preSolution
		Debug|Any CPU = Debug|Any CPU
		Release|Any CPU = Release|Any CPU
	EndGlobalSection
	GlobalSection(ProjectConfigurationPlatforms) = postSolution
		{F2DA5883-976A-4591-BBA3-5B85C8D7ECC8}.Debug|Any CPU.ActiveCfg = Debug|Any CPU
		{F2DA5883-976A-4591-BBA3-5B85C8D7ECC8}.Debug|Any CPU.Build.0 = Debug|Any CPU
		{F2DA5883-976A-4591-BBA3-5B85C8D7ECC8}.Release|Any CPU.ActiveCfg = Release|Any CPU
		{F2DA5883-976A-4591-BBA3-5B85C8D7ECC8}.Release|Any CPU.Build.0 = Release|Any CPU
		{C89F391C-D2A4-45DD-A4C1-77CDD4C90B59}.Debug|Any CPU.ActiveCfg = Debug|Any CPU
		{C89F391C-D2A4-45DD-A4C1-77CDD4C90B59}.Debug|Any CPU.Build.0 = Debug|Any CPU
		{C89F391C-D2A4-45DD-A4C1-77CDD4C90B59}.Release|Any CPU.ActiveCfg = Release|Any CPU
		{C89F391C-D2A4-45DD-A4C1-77CDD4C90B59}.Release|Any CPU.Build.0 = Release|Any CPU
		{9E87F93A-0C40-43BE-BEA2-6DCC516120A6}.Debug|Any CPU.ActiveCfg = Debug|Any CPU
		{9E87F93A-0C40-43BE-BEA2-6DCC516120A6}.Debug|Any CPU.Build.0 = Debug|Any CPU
		{9E87F93A-0C40-43BE-BEA2-6DCC516120A6}.Release|Any CPU.ActiveCfg = Release|Any CPU
		{9E87F93A-0C40-43BE-BEA2-6DCC516120A6}.Release|Any CPU.Build.0 = Release|Any CPU
	EndGlobalSection
	GlobalSection(SolutionProperties) = preSolution
		HideSolutionNode = FALSE
	EndGlobalSection
	GlobalSection(ExtensibilityGlobals) = postSolution
		SolutionGuid = {2543073A-B9D7-41B7-89A1-6BBF5D691096}
	EndGlobalSection
EndGlobal
